// !$*UTF8*$!
{
	archiveVersion = 1;
	classes = {
	};
	objectVersion = 60;
	objects = {

/* Begin PBXBuildFile section */
		CA2E2D8F2B5188C300B40A05 /* ViewModel.swift in Sources */ = {isa = PBXBuildFile; fileRef = CA2E2D8E2B5188C300B40A05 /* ViewModel.swift */; };
		CA2E2D932B52656900B40A05 /* MouseView.swift in Sources */ = {isa = PBXBuildFile; fileRef = CA2E2D922B52656900B40A05 /* MouseView.swift */; };
		CA2E2D952B5293EC00B40A05 /* RemoteView.swift in Sources */ = {isa = PBXBuildFile; fileRef = CA2E2D942B5293EC00B40A05 /* RemoteView.swift */; };
		CA2E2D972B52A4C900B40A05 /* SubscriptionsView.swift in Sources */ = {isa = PBXBuildFile; fileRef = CA2E2D962B52A4C900B40A05 /* SubscriptionsView.swift */; };
		CA668CAD2B4FED07003E06C4 /* WebOSClientExampleApp.swift in Sources */ = {isa = PBXBuildFile; fileRef = CA668CAC2B4FED07003E06C4 /* WebOSClientExampleApp.swift */; };
		CA668CAF2B4FED07003E06C4 /* MainView.swift in Sources */ = {isa = PBXBuildFile; fileRef = CA668CAE2B4FED07003E06C4 /* MainView.swift */; };
		CA668CB12B4FED08003E06C4 /* Assets.xcassets in Resources */ = {isa = PBXBuildFile; fileRef = CA668CB02B4FED08003E06C4 /* Assets.xcassets */; };
		CA668CB42B4FED08003E06C4 /* Preview Assets.xcassets in Resources */ = {isa = PBXBuildFile; fileRef = CA668CB32B4FED08003E06C4 /* Preview Assets.xcassets */; };
		CA668CBD2B4FED31003E06C4 /* WebOSClient in Frameworks */ = {isa = PBXBuildFile; productRef = CA668CBC2B4FED31003E06C4 /* WebOSClient */; };
/* End PBXBuildFile section */

/* Begin PBXFileReference section */
		CA2E2D8E2B5188C300B40A05 /* ViewModel.swift */ = {isa = PBXFileReference; lastKnownFileType = sourcecode.swift; path = ViewModel.swift; sourceTree = "<group>"; };
		CA2E2D922B52656900B40A05 /* MouseView.swift */ = {isa = PBXFileReference; lastKnownFileType = sourcecode.swift; path = MouseView.swift; sourceTree = "<group>"; };
		CA2E2D942B5293EC00B40A05 /* RemoteView.swift */ = {isa = PBXFileReference; lastKnownFileType = sourcecode.swift; path = RemoteView.swift; sourceTree = "<group>"; };
		CA2E2D962B52A4C900B40A05 /* SubscriptionsView.swift */ = {isa = PBXFileReference; lastKnownFileType = sourcecode.swift; path = SubscriptionsView.swift; sourceTree = "<group>"; };
		CA668CA92B4FED07003E06C4 /* WebOSClientExample.app */ = {isa = PBXFileReference; explicitFileType = wrapper.application; includeInIndex = 0; path = WebOSClientExample.app; sourceTree = BUILT_PRODUCTS_DIR; };
		CA668CAC2B4FED07003E06C4 /* WebOSClientExampleApp.swift */ = {isa = PBXFileReference; lastKnownFileType = sourcecode.swift; path = WebOSClientExampleApp.swift; sourceTree = "<group>"; };
		CA668CAE2B4FED07003E06C4 /* MainView.swift */ = {isa = PBXFileReference; lastKnownFileType = sourcecode.swift; path = MainView.swift; sourceTree = "<group>"; };
		CA668CB02B4FED08003E06C4 /* Assets.xcassets */ = {isa = PBXFileReference; lastKnownFileType = folder.assetcatalog; path = Assets.xcassets; sourceTree = "<group>"; };
		CA668CB32B4FED08003E06C4 /* Preview Assets.xcassets */ = {isa = PBXFileReference; lastKnownFileType = folder.assetcatalog; path = "Preview Assets.xcassets"; sourceTree = "<group>"; };
		CA668CB52B4FED08003E06C4 /* WebOSClientExample.entitlements */ = {isa = PBXFileReference; lastKnownFileType = text.plist.entitlements; path = WebOSClientExample.entitlements; sourceTree = "<group>"; };
/* End PBXFileReference section */

/* Begin PBXFrameworksBuildPhase section */
		CA668CA62B4FED07003E06C4 /* Frameworks */ = {
			isa = PBXFrameworksBuildPhase;
			buildActionMask = 2147483647;
			files = (
				CA668CBD2B4FED31003E06C4 /* WebOSClient in Frameworks */,
			);
			runOnlyForDeploymentPostprocessing = 0;
		};
/* End PBXFrameworksBuildPhase section */

/* Begin PBXGroup section */
		CA2E2D902B524F4700B40A05 /* ViewModels */ = {
			isa = PBXGroup;
			children = (
				CA2E2D8E2B5188C300B40A05 /* ViewModel.swift */,
			);
			path = ViewModels;
			sourceTree = "<group>";
		};
		CA2E2D912B524F5000B40A05 /* Views */ = {
			isa = PBXGroup;
			children = (
				CA668CAE2B4FED07003E06C4 /* MainView.swift */,
				CA2E2D922B52656900B40A05 /* MouseView.swift */,
				CA2E2D942B5293EC00B40A05 /* RemoteView.swift */,
				CA2E2D962B52A4C900B40A05 /* SubscriptionsView.swift */,
			);
			path = Views;
			sourceTree = "<group>";
		};
		CA668CA02B4FED07003E06C4 = {
			isa = PBXGroup;
			children = (
				CA668CAB2B4FED07003E06C4 /* WebOSClientExample */,
				CA668CAA2B4FED07003E06C4 /* Products */,
			);
			sourceTree = "<group>";
		};
		CA668CAA2B4FED07003E06C4 /* Products */ = {
			isa = PBXGroup;
			children = (
				CA668CA92B4FED07003E06C4 /* WebOSClientExample.app */,
			);
			name = Products;
			sourceTree = "<group>";
		};
		CA668CAB2B4FED07003E06C4 /* WebOSClientExample */ = {
			isa = PBXGroup;
			children = (
				CA668CAC2B4FED07003E06C4 /* WebOSClientExampleApp.swift */,
				CA2E2D902B524F4700B40A05 /* ViewModels */,
				CA2E2D912B524F5000B40A05 /* Views */,
				CA668CB02B4FED08003E06C4 /* Assets.xcassets */,
				CA668CB52B4FED08003E06C4 /* WebOSClientExample.entitlements */,
				CA668CB22B4FED08003E06C4 /* Preview Content */,
			);
			path = WebOSClientExample;
			sourceTree = "<group>";
		};
		CA668CB22B4FED08003E06C4 /* Preview Content */ = {
			isa = PBXGroup;
			children = (
				CA668CB32B4FED08003E06C4 /* Preview Assets.xcassets */,
			);
			path = "Preview Content";
			sourceTree = "<group>";
		};
/* End PBXGroup section */

/* Begin PBXNativeTarget section */
		CA668CA82B4FED07003E06C4 /* WebOSClientExample */ = {
			isa = PBXNativeTarget;
			buildConfigurationList = CA668CB82B4FED08003E06C4 /* Build configuration list for PBXNativeTarget "WebOSClientExample" */;
			buildPhases = (
				CA668CA52B4FED07003E06C4 /* Sources */,
				CA668CA62B4FED07003E06C4 /* Frameworks */,
				CA668CA72B4FED07003E06C4 /* Resources */,
			);
			buildRules = (
			);
			dependencies = (
			);
			name = WebOSClientExample;
			packageProductDependencies = (
				CA668CBC2B4FED31003E06C4 /* WebOSClient */,
			);
			productName = WebOSClientExample;
			productReference = CA668CA92B4FED07003E06C4 /* WebOSClientExample.app */;
			productType = "com.apple.product-type.application";
		};
/* End PBXNativeTarget section */

/* Begin PBXProject section */
		CA668CA12B4FED07003E06C4 /* Project object */ = {
			isa = PBXProject;
			attributes = {
				BuildIndependentTargetsInParallel = 1;
				LastSwiftUpdateCheck = 1520;
				LastUpgradeCheck = 1520;
				TargetAttributes = {
					CA668CA82B4FED07003E06C4 = {
						CreatedOnToolsVersion = 15.2;
					};
				};
			};
			buildConfigurationList = CA668CA42B4FED07003E06C4 /* Build configuration list for PBXProject "WebOSClientExample" */;
			compatibilityVersion = "Xcode 14.0";
			developmentRegion = en;
			hasScannedForEncodings = 0;
			knownRegions = (
				en,
				Base,
			);
			mainGroup = CA668CA02B4FED07003E06C4;
			packageReferences = (
				CA668CBB2B4FED31003E06C4 /* XCLocalSwiftPackageReference ".." */,
			);
			productRefGroup = CA668CAA2B4FED07003E06C4 /* Products */;
			projectDirPath = "";
			projectRoot = "";
			targets = (
				CA668CA82B4FED07003E06C4 /* WebOSClientExample */,
			);
		};
/* End PBXProject section */

/* Begin PBXResourcesBuildPhase section */
		CA668CA72B4FED07003E06C4 /* Resources */ = {
			isa = PBXResourcesBuildPhase;
			buildActionMask = 2147483647;
			files = (
				CA668CB42B4FED08003E06C4 /* Preview Assets.xcassets in Resources */,
				CA668CB12B4FED08003E06C4 /* Assets.xcassets in Resources */,
			);
			runOnlyForDeploymentPostprocessing = 0;
		};
/* End PBXResourcesBuildPhase section */

/* Begin PBXSourcesBuildPhase section */
		CA668CA52B4FED07003E06C4 /* Sources */ = {
			isa = PBXSourcesBuildPhase;
			buildActionMask = 2147483647;
			files = (
				CA668CAF2B4FED07003E06C4 /* MainView.swift in Sources */,
				CA2E2D8F2B5188C300B40A05 /* ViewModel.swift in Sources */,
				CA2E2D932B52656900B40A05 /* MouseView.swift in Sources */,
				CA2E2D972B52A4C900B40A05 /* SubscriptionsView.swift in Sources */,
				CA668CAD2B4FED07003E06C4 /* WebOSClientExampleApp.swift in Sources */,
				CA2E2D952B5293EC00B40A05 /* RemoteView.swift in Sources */,
			);
			runOnlyForDeploymentPostprocessing = 0;
		};
/* End PBXSourcesBuildPhase section */

/* Begin XCBuildConfiguration section */
		CA668CB62B4FED08003E06C4 /* Debug */ = {
			isa = XCBuildConfiguration;
			buildSettings = {
				ALWAYS_SEARCH_USER_PATHS = NO;
				ASSETCATALOG_COMPILER_GENERATE_SWIFT_ASSET_SYMBOL_EXTENSIONS = YES;
				CLANG_ANALYZER_NONNULL = YES;
				CLANG_ANALYZER_NUMBER_OBJECT_CONVERSION = YES_AGGRESSIVE;
				CLANG_CXX_LANGUAGE_STANDARD = "gnu++20";
				CLANG_ENABLE_MODULES = YES;
				CLANG_ENABLE_OBJC_ARC = YES;
				CLANG_ENABLE_OBJC_WEAK = YES;
				CLANG_WARN_BLOCK_CAPTURE_AUTORELEASING = YES;
				CLANG_WARN_BOOL_CONVERSION = YES;
				CLANG_WARN_COMMA = YES;
				CLANG_WARN_CONSTANT_CONVERSION = YES;
				CLANG_WARN_DEPRECATED_OBJC_IMPLEMENTATIONS = YES;
				CLANG_WARN_DIRECT_OBJC_ISA_USAGE = YES_ERROR;
				CLANG_WARN_DOCUMENTATION_COMMENTS = YES;
				CLANG_WARN_EMPTY_BODY = YES;
				CLANG_WARN_ENUM_CONVERSION = YES;
				CLANG_WARN_INFINITE_RECURSION = YES;
				CLANG_WARN_INT_CONVERSION = YES;
				CLANG_WARN_NON_LITERAL_NULL_CONVERSION = YES;
				CLANG_WARN_OBJC_IMPLICIT_RETAIN_SELF = YES;
				CLANG_WARN_OBJC_LITERAL_CONVERSION = YES;
				CLANG_WARN_OBJC_ROOT_CLASS = YES_ERROR;
				CLANG_WARN_QUOTED_INCLUDE_IN_FRAMEWORK_HEADER = YES;
				CLANG_WARN_RANGE_LOOP_ANALYSIS = YES;
				CLANG_WARN_STRICT_PROTOTYPES = YES;
				CLANG_WARN_SUSPICIOUS_MOVE = YES;
				CLANG_WARN_UNGUARDED_AVAILABILITY = YES_AGGRESSIVE;
				CLANG_WARN_UNREACHABLE_CODE = YES;
				CLANG_WARN__DUPLICATE_METHOD_MATCH = YES;
				COPY_PHASE_STRIP = NO;
				DEBUG_INFORMATION_FORMAT = dwarf;
				ENABLE_STRICT_OBJC_MSGSEND = YES;
				ENABLE_TESTABILITY = YES;
				ENABLE_USER_SCRIPT_SANDBOXING = YES;
				GCC_C_LANGUAGE_STANDARD = gnu17;
				GCC_DYNAMIC_NO_PIC = NO;
				GCC_NO_COMMON_BLOCKS = YES;
				GCC_OPTIMIZATION_LEVEL = 0;
				GCC_PREPROCESSOR_DEFINITIONS = (
					"DEBUG=1",
					"$(inherited)",
				);
				GCC_WARN_64_TO_32_BIT_CONVERSION = YES;
				GCC_WARN_ABOUT_RETURN_TYPE = YES_ERROR;
				GCC_WARN_UNDECLARED_SELECTOR = YES;
				GCC_WARN_UNINITIALIZED_AUTOS = YES_AGGRESSIVE;
				GCC_WARN_UNUSED_FUNCTION = YES;
				GCC_WARN_UNUSED_VARIABLE = YES;
				LOCALIZATION_PREFERS_STRING_CATALOGS = YES;
				MACOSX_DEPLOYMENT_TARGET = 13.0;
				MTL_ENABLE_DEBUG_INFO = INCLUDE_SOURCE;
				MTL_FAST_MATH = YES;
				ONLY_ACTIVE_ARCH = YES;
				SDKROOT = macosx;
				SWIFT_ACTIVE_COMPILATION_CONDITIONS = "DEBUG $(inherited)";
				SWIFT_OPTIMIZATION_LEVEL = "-Onone";
			};
			name = Debug;
		};
		CA668CB72B4FED08003E06C4 /* Release */ = {
			isa = XCBuildConfiguration;
			buildSettings = {
				ALWAYS_SEARCH_USER_PATHS = NO;
				ASSETCATALOG_COMPILER_GENERATE_SWIFT_ASSET_SYMBOL_EXTENSIONS = YES;
				CLANG_ANALYZER_NONNULL = YES;
				CLANG_ANALYZER_NUMBER_OBJECT_CONVERSION = YES_AGGRESSIVE;
				CLANG_CXX_LANGUAGE_STANDARD = "gnu++20";
				CLANG_ENABLE_MODULES = YES;
				CLANG_ENABLE_OBJC_ARC = YES;
				CLANG_ENABLE_OBJC_WEAK = YES;
				CLANG_WARN_BLOCK_CAPTURE_AUTORELEASING = YES;
				CLANG_WARN_BOOL_CONVERSION = YES;
				CLANG_WARN_COMMA = YES;
				CLANG_WARN_CONSTANT_CONVERSION = YES;
				CLANG_WARN_DEPRECATED_OBJC_IMPLEMENTATIONS = YES;
				CLANG_WARN_DIRECT_OBJC_ISA_USAGE = YES_ERROR;
				CLANG_WARN_DOCUMENTATION_COMMENTS = YES;
				CLANG_WARN_EMPTY_BODY = YES;
				CLANG_WARN_ENUM_CONVERSION = YES;
				CLANG_WARN_INFINITE_RECURSION = YES;
				CLANG_WARN_INT_CONVERSION = YES;
				CLANG_WARN_NON_LITERAL_NULL_CONVERSION = YES;
				CLANG_WARN_OBJC_IMPLICIT_RETAIN_SELF = YES;
				CLANG_WARN_OBJC_LITERAL_CONVERSION = YES;
				CLANG_WARN_OBJC_ROOT_CLASS = YES_ERROR;
				CLANG_WARN_QUOTED_INCLUDE_IN_FRAMEWORK_HEADER = YES;
				CLANG_WARN_RANGE_LOOP_ANALYSIS = YES;
				CLANG_WARN_STRICT_PROTOTYPES = YES;
				CLANG_WARN_SUSPICIOUS_MOVE = YES;
				CLANG_WARN_UNGUARDED_AVAILABILITY = YES_AGGRESSIVE;
				CLANG_WARN_UNREACHABLE_CODE = YES;
				CLANG_WARN__DUPLICATE_METHOD_MATCH = YES;
				COPY_PHASE_STRIP = NO;
				DEBUG_INFORMATION_FORMAT = "dwarf-with-dsym";
				ENABLE_NS_ASSERTIONS = NO;
				ENABLE_STRICT_OBJC_MSGSEND = YES;
				ENABLE_USER_SCRIPT_SANDBOXING = YES;
				GCC_C_LANGUAGE_STANDARD = gnu17;
				GCC_NO_COMMON_BLOCKS = YES;
				GCC_WARN_64_TO_32_BIT_CONVERSION = YES;
				GCC_WARN_ABOUT_RETURN_TYPE = YES_ERROR;
				GCC_WARN_UNDECLARED_SELECTOR = YES;
				GCC_WARN_UNINITIALIZED_AUTOS = YES_AGGRESSIVE;
				GCC_WARN_UNUSED_FUNCTION = YES;
				GCC_WARN_UNUSED_VARIABLE = YES;
				LOCALIZATION_PREFERS_STRING_CATALOGS = YES;
				MACOSX_DEPLOYMENT_TARGET = 13.0;
				MTL_ENABLE_DEBUG_INFO = NO;
				MTL_FAST_MATH = YES;
				SDKROOT = macosx;
				SWIFT_COMPILATION_MODE = wholemodule;
			};
			name = Release;
		};
		CA668CB92B4FED08003E06C4 /* Debug */ = {
			isa = XCBuildConfiguration;
			buildSettings = {
				ASSETCATALOG_COMPILER_APPICON_NAME = AppIcon;
				ASSETCATALOG_COMPILER_GLOBAL_ACCENT_COLOR_NAME = AccentColor;
				CODE_SIGN_ENTITLEMENTS = WebOSClientExample/WebOSClientExample.entitlements;
				CODE_SIGN_STYLE = Automatic;
				COMBINE_HIDPI_IMAGES = YES;
				CURRENT_PROJECT_VERSION = 1;
				DEVELOPMENT_ASSET_PATHS = "\"WebOSClientExample/Preview Content\"";
				DEVELOPMENT_TEAM = 4NK62H99X6;
				ENABLE_HARDENED_RUNTIME = YES;
				ENABLE_PREVIEWS = YES;
				GENERATE_INFOPLIST_FILE = YES;
				INFOPLIST_KEY_NSHumanReadableCopyright = "";
				LD_RUNPATH_SEARCH_PATHS = (
					"$(inherited)",
					"@executable_path/../Frameworks",
				);
				MACOSX_DEPLOYMENT_TARGET = 13.0;
				MARKETING_VERSION = 1.0;
				PRODUCT_BUNDLE_IDENTIFIER = jareksedy.WebOSClientExample;
				PRODUCT_NAME = "$(TARGET_NAME)";
				SWIFT_EMIT_LOC_STRINGS = YES;
				SWIFT_VERSION = 5.0;
			};
			name = Debug;
		};
		CA668CBA2B4FED08003E06C4 /* Release */ = {
			isa = XCBuildConfiguration;
			buildSettings = {
				ASSETCATALOG_COMPILER_APPICON_NAME = AppIcon;
				ASSETCATALOG_COMPILER_GLOBAL_ACCENT_COLOR_NAME = AccentColor;
				CODE_SIGN_ENTITLEMENTS = WebOSClientExample/WebOSClientExample.entitlements;
				CODE_SIGN_STYLE = Automatic;
				COMBINE_HIDPI_IMAGES = YES;
				CURRENT_PROJECT_VERSION = 1;
				DEVELOPMENT_ASSET_PATHS = "\"WebOSClientExample/Preview Content\"";
				DEVELOPMENT_TEAM = 4NK62H99X6;
				ENABLE_HARDENED_RUNTIME = YES;
				ENABLE_PREVIEWS = YES;
				GENERATE_INFOPLIST_FILE = YES;
				INFOPLIST_KEY_NSHumanReadableCopyright = "";
				LD_RUNPATH_SEARCH_PATHS = (
					"$(inherited)",
					"@executable_path/../Frameworks",
				);
				MACOSX_DEPLOYMENT_TARGET = 13.0;
				MARKETING_VERSION = 1.0;
				PRODUCT_BUNDLE_IDENTIFIER = jareksedy.WebOSClientExample;
				PRODUCT_NAME = "$(TARGET_NAME)";
				SWIFT_EMIT_LOC_STRINGS = YES;
				SWIFT_VERSION = 5.0;
			};
			name = Release;
		};
/* End XCBuildConfiguration section */

/* Begin XCConfigurationList section */
		CA668CA42B4FED07003E06C4 /* Build configuration list for PBXProject "WebOSClientExample" */ = {
			isa = XCConfigurationList;
			buildConfigurations = (
				CA668CB62B4FED08003E06C4 /* Debug */,
				CA668CB72B4FED08003E06C4 /* Release */,
			);
			defaultConfigurationIsVisible = 0;
			defaultConfigurationName = Release;
		};
		CA668CB82B4FED08003E06C4 /* Build configuration list for PBXNativeTarget "WebOSClientExample" */ = {
			isa = XCConfigurationList;
			buildConfigurations = (
				CA668CB92B4FED08003E06C4 /* Debug */,
				CA668CBA2B4FED08003E06C4 /* Release */,
			);
			defaultConfigurationIsVisible = 0;
			defaultConfigurationName = Release;
		};
/* End XCConfigurationList section */

/* Begin XCLocalSwiftPackageReference section */
		CA668CBB2B4FED31003E06C4 /* XCLocalSwiftPackageReference ".." */ = {
			isa = XCLocalSwiftPackageReference;
			relativePath = ..;
		};
/* End XCLocalSwiftPackageReference section */

/* Begin XCSwiftPackageProductDependency section */
		CA668CBC2B4FED31003E06C4 /* WebOSClient */ = {
			isa = XCSwiftPackageProductDependency;
			productName = WebOSClient;
		};
/* End XCSwiftPackageProductDependency section */
	};
	rootObject = CA668CA12B4FED07003E06C4 /* Project object */;
}
